// !$*UTF8*$!
{
	archiveVersion = 1;
	classes = {
	};
	objectVersion = 50;
	objects = {

/* Begin PBXBuildFile section */
		922420BB254CF1A100219F75 /* RandomCatViewController.swift in Sources */ = {isa = PBXBuildFile; fileRef = 922420BA254CF1A100219F75 /* RandomCatViewController.swift */; };
		922420BE254DB62000219F75 /* Cat.swift in Sources */ = {isa = PBXBuildFile; fileRef = 922420BD254DB62000219F75 /* Cat.swift */; };
		92253C22254CE800004A2FB4 /* AppDelegate.swift in Sources */ = {isa = PBXBuildFile; fileRef = 92253C21254CE800004A2FB4 /* AppDelegate.swift */; };
		92253C24254CE800004A2FB4 /* SceneDelegate.swift in Sources */ = {isa = PBXBuildFile; fileRef = 92253C23254CE800004A2FB4 /* SceneDelegate.swift */; };
		92253C29254CE800004A2FB4 /* Main.storyboard in Resources */ = {isa = PBXBuildFile; fileRef = 92253C27254CE800004A2FB4 /* Main.storyboard */; };
		92253C2B254CE803004A2FB4 /* Assets.xcassets in Resources */ = {isa = PBXBuildFile; fileRef = 92253C2A254CE803004A2FB4 /* Assets.xcassets */; };
		92253C2E254CE803004A2FB4 /* LaunchScreen.storyboard in Resources */ = {isa = PBXBuildFile; fileRef = 92253C2C254CE803004A2FB4 /* LaunchScreen.storyboard */; };
		92253C39254CE803004A2FB4 /* CatAppTests.swift in Sources */ = {isa = PBXBuildFile; fileRef = 92253C38254CE803004A2FB4 /* CatAppTests.swift */; };
		92253C44254CE804004A2FB4 /* CatAppUITests.swift in Sources */ = {isa = PBXBuildFile; fileRef = 92253C43254CE804004A2FB4 /* CatAppUITests.swift */; };
/* End PBXBuildFile section */

/* Begin PBXContainerItemProxy section */
		92253C35254CE803004A2FB4 /* PBXContainerItemProxy */ = {
			isa = PBXContainerItemProxy;
			containerPortal = 92253C16254CE800004A2FB4 /* Project object */;
			proxyType = 1;
			remoteGlobalIDString = 92253C1D254CE800004A2FB4;
			remoteInfo = CatApp;
		};
		92253C40254CE804004A2FB4 /* PBXContainerItemProxy */ = {
			isa = PBXContainerItemProxy;
			containerPortal = 92253C16254CE800004A2FB4 /* Project object */;
			proxyType = 1;
			remoteGlobalIDString = 92253C1D254CE800004A2FB4;
			remoteInfo = CatApp;
		};
/* End PBXContainerItemProxy section */

/* Begin PBXFileReference section */
		922420BA254CF1A100219F75 /* RandomCatViewController.swift */ = {isa = PBXFileReference; lastKnownFileType = sourcecode.swift; path = RandomCatViewController.swift; sourceTree = "<group>"; };
		922420BD254DB62000219F75 /* Cat.swift */ = {isa = PBXFileReference; lastKnownFileType = sourcecode.swift; path = Cat.swift; sourceTree = "<group>"; };
		92253C1E254CE800004A2FB4 /* CatApp.app */ = {isa = PBXFileReference; explicitFileType = wrapper.application; includeInIndex = 0; path = CatApp.app; sourceTree = BUILT_PRODUCTS_DIR; };
		92253C21254CE800004A2FB4 /* AppDelegate.swift */ = {isa = PBXFileReference; lastKnownFileType = sourcecode.swift; path = AppDelegate.swift; sourceTree = "<group>"; };
		92253C23254CE800004A2FB4 /* SceneDelegate.swift */ = {isa = PBXFileReference; lastKnownFileType = sourcecode.swift; path = SceneDelegate.swift; sourceTree = "<group>"; };
		92253C28254CE800004A2FB4 /* Base */ = {isa = PBXFileReference; lastKnownFileType = file.storyboard; name = Base; path = Base.lproj/Main.storyboard; sourceTree = "<group>"; };
		92253C2A254CE803004A2FB4 /* Assets.xcassets */ = {isa = PBXFileReference; lastKnownFileType = folder.assetcatalog; path = Assets.xcassets; sourceTree = "<group>"; };
		92253C2D254CE803004A2FB4 /* Base */ = {isa = PBXFileReference; lastKnownFileType = file.storyboard; name = Base; path = Base.lproj/LaunchScreen.storyboard; sourceTree = "<group>"; };
		92253C2F254CE803004A2FB4 /* Info.plist */ = {isa = PBXFileReference; lastKnownFileType = text.plist.xml; path = Info.plist; sourceTree = "<group>"; };
		92253C34254CE803004A2FB4 /* CatAppTests.xctest */ = {isa = PBXFileReference; explicitFileType = wrapper.cfbundle; includeInIndex = 0; path = CatAppTests.xctest; sourceTree = BUILT_PRODUCTS_DIR; };
		92253C38254CE803004A2FB4 /* CatAppTests.swift */ = {isa = PBXFileReference; lastKnownFileType = sourcecode.swift; path = CatAppTests.swift; sourceTree = "<group>"; };
		92253C3A254CE803004A2FB4 /* Info.plist */ = {isa = PBXFileReference; lastKnownFileType = text.plist.xml; path = Info.plist; sourceTree = "<group>"; };
		92253C3F254CE804004A2FB4 /* CatAppUITests.xctest */ = {isa = PBXFileReference; explicitFileType = wrapper.cfbundle; includeInIndex = 0; path = CatAppUITests.xctest; sourceTree = BUILT_PRODUCTS_DIR; };
		92253C43254CE804004A2FB4 /* CatAppUITests.swift */ = {isa = PBXFileReference; lastKnownFileType = sourcecode.swift; path = CatAppUITests.swift; sourceTree = "<group>"; };
		92253C45254CE804004A2FB4 /* Info.plist */ = {isa = PBXFileReference; lastKnownFileType = text.plist.xml; path = Info.plist; sourceTree = "<group>"; };
/* End PBXFileReference section */

/* Begin PBXFrameworksBuildPhase section */
		92253C1B254CE800004A2FB4 /* Frameworks */ = {
			isa = PBXFrameworksBuildPhase;
			buildActionMask = 2147483647;
			files = (
			);
			runOnlyForDeploymentPostprocessing = 0;
		};
		92253C31254CE803004A2FB4 /* Frameworks */ = {
			isa = PBXFrameworksBuildPhase;
			buildActionMask = 2147483647;
			files = (
			);
			runOnlyForDeploymentPostprocessing = 0;
		};
		92253C3C254CE804004A2FB4 /* Frameworks */ = {
			isa = PBXFrameworksBuildPhase;
			buildActionMask = 2147483647;
			files = (
			);
			runOnlyForDeploymentPostprocessing = 0;
		};
/* End PBXFrameworksBuildPhase section */

/* Begin PBXGroup section */
		922420BC254DB4C600219F75 /* Model */ = {
			isa = PBXGroup;
			children = (
				922420BD254DB62000219F75 /* Cat.swift */,
			);
			path = Model;
			sourceTree = "<group>";
		};
		92253C15254CE800004A2FB4 = {
			isa = PBXGroup;
			children = (
				92253C20254CE800004A2FB4 /* CatApp */,
				92253C37254CE803004A2FB4 /* CatAppTests */,
				92253C42254CE804004A2FB4 /* CatAppUITests */,
				92253C1F254CE800004A2FB4 /* Products */,
			);
			sourceTree = "<group>";
		};
		92253C1F254CE800004A2FB4 /* Products */ = {
			isa = PBXGroup;
			children = (
				92253C1E254CE800004A2FB4 /* CatApp.app */,
				92253C34254CE803004A2FB4 /* CatAppTests.xctest */,
				92253C3F254CE804004A2FB4 /* CatAppUITests.xctest */,
			);
			name = Products;
			sourceTree = "<group>";
		};
		92253C20254CE800004A2FB4 /* CatApp */ = {
			isa = PBXGroup;
			children = (
				922420BC254DB4C600219F75 /* Model */,
				92253C21254CE800004A2FB4 /* AppDelegate.swift */,
				92253C23254CE800004A2FB4 /* SceneDelegate.swift */,
				92253C27254CE800004A2FB4 /* Main.storyboard */,
				92253C2A254CE803004A2FB4 /* Assets.xcassets */,
				92253C2C254CE803004A2FB4 /* LaunchScreen.storyboard */,
				92253C2F254CE803004A2FB4 /* Info.plist */,
				922420BA254CF1A100219F75 /* RandomCatViewController.swift */,
			);
			path = CatApp;
			sourceTree = "<group>";
		};
		92253C37254CE803004A2FB4 /* CatAppTests */ = {
			isa = PBXGroup;
			children = (
				92253C38254CE803004A2FB4 /* CatAppTests.swift */,
				92253C3A254CE803004A2FB4 /* Info.plist */,
			);
			path = CatAppTests;
			sourceTree = "<group>";
		};
		92253C42254CE804004A2FB4 /* CatAppUITests */ = {
			isa = PBXGroup;
			children = (
				92253C43254CE804004A2FB4 /* CatAppUITests.swift */,
				92253C45254CE804004A2FB4 /* Info.plist */,
			);
			path = CatAppUITests;
			sourceTree = "<group>";
		};
/* End PBXGroup section */

/* Begin PBXNativeTarget section */
		92253C1D254CE800004A2FB4 /* CatApp */ = {
			isa = PBXNativeTarget;
			buildConfigurationList = 92253C48254CE804004A2FB4 /* Build configuration list for PBXNativeTarget "CatApp" */;
			buildPhases = (
				92253C1A254CE800004A2FB4 /* Sources */,
				92253C1B254CE800004A2FB4 /* Frameworks */,
				92253C1C254CE800004A2FB4 /* Resources */,
			);
			buildRules = (
			);
			dependencies = (
			);
			name = CatApp;
			productName = CatApp;
			productReference = 92253C1E254CE800004A2FB4 /* CatApp.app */;
			productType = "com.apple.product-type.application";
		};
		92253C33254CE803004A2FB4 /* CatAppTests */ = {
			isa = PBXNativeTarget;
			buildConfigurationList = 92253C4B254CE804004A2FB4 /* Build configuration list for PBXNativeTarget "CatAppTests" */;
			buildPhases = (
				92253C30254CE803004A2FB4 /* Sources */,
				92253C31254CE803004A2FB4 /* Frameworks */,
				92253C32254CE803004A2FB4 /* Resources */,
			);
			buildRules = (
			);
			dependencies = (
				92253C36254CE803004A2FB4 /* PBXTargetDependency */,
			);
			name = CatAppTests;
			productName = CatAppTests;
			productReference = 92253C34254CE803004A2FB4 /* CatAppTests.xctest */;
			productType = "com.apple.product-type.bundle.unit-test";
		};
		92253C3E254CE804004A2FB4 /* CatAppUITests */ = {
			isa = PBXNativeTarget;
			buildConfigurationList = 92253C4E254CE804004A2FB4 /* Build configuration list for PBXNativeTarget "CatAppUITests" */;
			buildPhases = (
				92253C3B254CE804004A2FB4 /* Sources */,
				92253C3C254CE804004A2FB4 /* Frameworks */,
				92253C3D254CE804004A2FB4 /* Resources */,
			);
			buildRules = (
			);
			dependencies = (
				92253C41254CE804004A2FB4 /* PBXTargetDependency */,
			);
			name = CatAppUITests;
			productName = CatAppUITests;
			productReference = 92253C3F254CE804004A2FB4 /* CatAppUITests.xctest */;
			productType = "com.apple.product-type.bundle.ui-testing";
		};
/* End PBXNativeTarget section */

/* Begin PBXProject section */
		92253C16254CE800004A2FB4 /* Project object */ = {
			isa = PBXProject;
			attributes = {
				LastSwiftUpdateCheck = 1170;
				LastUpgradeCheck = 1170;
				ORGANIZATIONNAME = "Alan Paulino";
				TargetAttributes = {
					92253C1D254CE800004A2FB4 = {
						CreatedOnToolsVersion = 11.7;
					};
					92253C33254CE803004A2FB4 = {
						CreatedOnToolsVersion = 11.7;
						TestTargetID = 92253C1D254CE800004A2FB4;
					};
					92253C3E254CE804004A2FB4 = {
						CreatedOnToolsVersion = 11.7;
						TestTargetID = 92253C1D254CE800004A2FB4;
					};
				};
			};
			buildConfigurationList = 92253C19254CE800004A2FB4 /* Build configuration list for PBXProject "CatApp" */;
			compatibilityVersion = "Xcode 9.3";
			developmentRegion = en;
			hasScannedForEncodings = 0;
			knownRegions = (
				en,
				Base,
			);
			mainGroup = 92253C15254CE800004A2FB4;
			productRefGroup = 92253C1F254CE800004A2FB4 /* Products */;
			projectDirPath = "";
			projectRoot = "";
			targets = (
				92253C1D254CE800004A2FB4 /* CatApp */,
				92253C33254CE803004A2FB4 /* CatAppTests */,
				92253C3E254CE804004A2FB4 /* CatAppUITests */,
			);
		};
/* End PBXProject section */

/* Begin PBXResourcesBuildPhase section */
		92253C1C254CE800004A2FB4 /* Resources */ = {
			isa = PBXResourcesBuildPhase;
			buildActionMask = 2147483647;
			files = (
				92253C2E254CE803004A2FB4 /* LaunchScreen.storyboard in Resources */,
				92253C2B254CE803004A2FB4 /* Assets.xcassets in Resources */,
				92253C29254CE800004A2FB4 /* Main.storyboard in Resources */,
			);
			runOnlyForDeploymentPostprocessing = 0;
		};
		92253C32254CE803004A2FB4 /* Resources */ = {
			isa = PBXResourcesBuildPhase;
			buildActionMask = 2147483647;
			files = (
			);
			runOnlyForDeploymentPostprocessing = 0;
		};
		92253C3D254CE804004A2FB4 /* Resources */ = {
			isa = PBXResourcesBuildPhase;
			buildActionMask = 2147483647;
			files = (
			);
			runOnlyForDeploymentPostprocessing = 0;
		};
/* End PBXResourcesBuildPhase section */

/* Begin PBXSourcesBuildPhase section */
		92253C1A254CE800004A2FB4 /* Sources */ = {
			isa = PBXSourcesBuildPhase;
			buildActionMask = 2147483647;
			files = (
				922420BE254DB62000219F75 /* Cat.swift in Sources */,
				922420BB254CF1A100219F75 /* RandomCatViewController.swift in Sources */,
				92253C22254CE800004A2FB4 /* AppDelegate.swift in Sources */,
				92253C24254CE800004A2FB4 /* SceneDelegate.swift in Sources */,
			);
			runOnlyForDeploymentPostprocessing = 0;
		};
		92253C30254CE803004A2FB4 /* Sources */ = {
			isa = PBXSourcesBuildPhase;
			buildActionMask = 2147483647;
			files = (
				92253C39254CE803004A2FB4 /* CatAppTests.swift in Sources */,
			);
			runOnlyForDeploymentPostprocessing = 0;
		};
		92253C3B254CE804004A2FB4 /* Sources */ = {
			isa = PBXSourcesBuildPhase;
			buildActionMask = 2147483647;
			files = (
				92253C44254CE804004A2FB4 /* CatAppUITests.swift in Sources */,
			);
			runOnlyForDeploymentPostprocessing = 0;
		};
/* End PBXSourcesBuildPhase section */

/* Begin PBXTargetDependency section */
		92253C36254CE803004A2FB4 /* PBXTargetDependency */ = {
			isa = PBXTargetDependency;
			target = 92253C1D254CE800004A2FB4 /* CatApp */;
			targetProxy = 92253C35254CE803004A2FB4 /* PBXContainerItemProxy */;
		};
		92253C41254CE804004A2FB4 /* PBXTargetDependency */ = {
			isa = PBXTargetDependency;
			target = 92253C1D254CE800004A2FB4 /* CatApp */;
			targetProxy = 92253C40254CE804004A2FB4 /* PBXContainerItemProxy */;
		};
/* End PBXTargetDependency section */

/* Begin PBXVariantGroup section */
		92253C27254CE800004A2FB4 /* Main.storyboard */ = {
			isa = PBXVariantGroup;
			children = (
				92253C28254CE800004A2FB4 /* Base */,
			);
			name = Main.storyboard;
			sourceTree = "<group>";
		};
		92253C2C254CE803004A2FB4 /* LaunchScreen.storyboard */ = {
			isa = PBXVariantGroup;
			children = (
				92253C2D254CE803004A2FB4 /* Base */,
			);
			name = LaunchScreen.storyboard;
			sourceTree = "<group>";
		};
/* End PBXVariantGroup section */

/* Begin XCBuildConfiguration section */
		92253C46254CE804004A2FB4 /* Debug */ = {
			isa = XCBuildConfiguration;
			buildSettings = {
				ALWAYS_SEARCH_USER_PATHS = NO;
				CLANG_ANALYZER_NONNULL = YES;
				CLANG_ANALYZER_NUMBER_OBJECT_CONVERSION = YES_AGGRESSIVE;
				CLANG_CXX_LANGUAGE_STANDARD = "gnu++14";
				CLANG_CXX_LIBRARY = "libc++";
				CLANG_ENABLE_MODULES = YES;
				CLANG_ENABLE_OBJC_ARC = YES;
				CLANG_ENABLE_OBJC_WEAK = YES;
				CLANG_WARN_BLOCK_CAPTURE_AUTORELEASING = YES;
				CLANG_WARN_BOOL_CONVERSION = YES;
				CLANG_WARN_COMMA = YES;
				CLANG_WARN_CONSTANT_CONVERSION = YES;
				CLANG_WARN_DEPRECATED_OBJC_IMPLEMENTATIONS = YES;
				CLANG_WARN_DIRECT_OBJC_ISA_USAGE = YES_ERROR;
				CLANG_WARN_DOCUMENTATION_COMMENTS = YES;
				CLANG_WARN_EMPTY_BODY = YES;
				CLANG_WARN_ENUM_CONVERSION = YES;
				CLANG_WARN_INFINITE_RECURSION = YES;
				CLANG_WARN_INT_CONVERSION = YES;
				CLANG_WARN_NON_LITERAL_NULL_CONVERSION = YES;
				CLANG_WARN_OBJC_IMPLICIT_RETAIN_SELF = YES;
				CLANG_WARN_OBJC_LITERAL_CONVERSION = YES;
				CLANG_WARN_OBJC_ROOT_CLASS = YES_ERROR;
				CLANG_WARN_RANGE_LOOP_ANALYSIS = YES;
				CLANG_WARN_STRICT_PROTOTYPES = YES;
				CLANG_WARN_SUSPICIOUS_MOVE = YES;
				CLANG_WARN_UNGUARDED_AVAILABILITY = YES_AGGRESSIVE;
				CLANG_WARN_UNREACHABLE_CODE = YES;
				CLANG_WARN__DUPLICATE_METHOD_MATCH = YES;
				COPY_PHASE_STRIP = NO;
				DEBUG_INFORMATION_FORMAT = dwarf;
				ENABLE_STRICT_OBJC_MSGSEND = YES;
				ENABLE_TESTABILITY = YES;
				GCC_C_LANGUAGE_STANDARD = gnu11;
				GCC_DYNAMIC_NO_PIC = NO;
				GCC_NO_COMMON_BLOCKS = YES;
				GCC_OPTIMIZATION_LEVEL = 0;
				GCC_PREPROCESSOR_DEFINITIONS = (
					"DEBUG=1",
					"$(inherited)",
				);
				GCC_WARN_64_TO_32_BIT_CONVERSION = YES;
				GCC_WARN_ABOUT_RETURN_TYPE = YES_ERROR;
				GCC_WARN_UNDECLARED_SELECTOR = YES;
				GCC_WARN_UNINITIALIZED_AUTOS = YES_AGGRESSIVE;
				GCC_WARN_UNUSED_FUNCTION = YES;
				GCC_WARN_UNUSED_VARIABLE = YES;
				IPHONEOS_DEPLOYMENT_TARGET = 13.7;
				MTL_ENABLE_DEBUG_INFO = INCLUDE_SOURCE;
				MTL_FAST_MATH = YES;
				ONLY_ACTIVE_ARCH = YES;
				SDKROOT = iphoneos;
				SWIFT_ACTIVE_COMPILATION_CONDITIONS = DEBUG;
				SWIFT_OPTIMIZATION_LEVEL = "-Onone";
			};
			name = Debug;
		};
		92253C47254CE804004A2FB4 /* Release */ = {
			isa = XCBuildConfiguration;
			buildSettings = {
				ALWAYS_SEARCH_USER_PATHS = NO;
				CLANG_ANALYZER_NONNULL = YES;
				CLANG_ANALYZER_NUMBER_OBJECT_CONVERSION = YES_AGGRESSIVE;
				CLANG_CXX_LANGUAGE_STANDARD = "gnu++14";
				CLANG_CXX_LIBRARY = "libc++";
				CLANG_ENABLE_MODULES = YES;
				CLANG_ENABLE_OBJC_ARC = YES;
				CLANG_ENABLE_OBJC_WEAK = YES;
				CLANG_WARN_BLOCK_CAPTURE_AUTORELEASING = YES;
				CLANG_WARN_BOOL_CONVERSION = YES;
				CLANG_WARN_COMMA = YES;
				CLANG_WARN_CONSTANT_CONVERSION = YES;
				CLANG_WARN_DEPRECATED_OBJC_IMPLEMENTATIONS = YES;
				CLANG_WARN_DIRECT_OBJC_ISA_USAGE = YES_ERROR;
				CLANG_WARN_DOCUMENTATION_COMMENTS = YES;
				CLANG_WARN_EMPTY_BODY = YES;
				CLANG_WARN_ENUM_CONVERSION = YES;
				CLANG_WARN_INFINITE_RECURSION = YES;
				CLANG_WARN_INT_CONVERSION = YES;
				CLANG_WARN_NON_LITERAL_NULL_CONVERSION = YES;
				CLANG_WARN_OBJC_IMPLICIT_RETAIN_SELF = YES;
				CLANG_WARN_OBJC_LITERAL_CONVERSION = YES;
				CLANG_WARN_OBJC_ROOT_CLASS = YES_ERROR;
				CLANG_WARN_RANGE_LOOP_ANALYSIS = YES;
				CLANG_WARN_STRICT_PROTOTYPES = YES;
				CLANG_WARN_SUSPICIOUS_MOVE = YES;
				CLANG_WARN_UNGUARDED_AVAILABILITY = YES_AGGRESSIVE;
				CLANG_WARN_UNREACHABLE_CODE = YES;
				CLANG_WARN__DUPLICATE_METHOD_MATCH = YES;
				COPY_PHASE_STRIP = NO;
				DEBUG_INFORMATION_FORMAT = "dwarf-with-dsym";
				ENABLE_NS_ASSERTIONS = NO;
				ENABLE_STRICT_OBJC_MSGSEND = YES;
				GCC_C_LANGUAGE_STANDARD = gnu11;
				GCC_NO_COMMON_BLOCKS = YES;
				GCC_WARN_64_TO_32_BIT_CONVERSION = YES;
				GCC_WARN_ABOUT_RETURN_TYPE = YES_ERROR;
				GCC_WARN_UNDECLARED_SELECTOR = YES;
				GCC_WARN_UNINITIALIZED_AUTOS = YES_AGGRESSIVE;
				GCC_WARN_UNUSED_FUNCTION = YES;
				GCC_WARN_UNUSED_VARIABLE = YES;
				IPHONEOS_DEPLOYMENT_TARGET = 13.7;
				MTL_ENABLE_DEBUG_INFO = NO;
				MTL_FAST_MATH = YES;
				SDKROOT = iphoneos;
				SWIFT_COMPILATION_MODE = wholemodule;
				SWIFT_OPTIMIZATION_LEVEL = "-O";
				VALIDATE_PRODUCT = YES;
			};
			name = Release;
		};
		92253C49254CE804004A2FB4 /* Debug */ = {
			isa = XCBuildConfiguration;
			buildSettings = {
				ASSETCATALOG_COMPILER_APPICON_NAME = AppIcon;
				CODE_SIGN_STYLE = Automatic;
				DEVELOPMENT_TEAM = NM36QJ4P82;
				INFOPLIST_FILE = CatApp/Info.plist;
				LD_RUNPATH_SEARCH_PATHS = (
					"$(inherited)",
					"@executable_path/Frameworks",
				);
				PRODUCT_BUNDLE_IDENTIFIER = alanpaulino.CatApp;
				PRODUCT_NAME = "$(TARGET_NAME)";
				SWIFT_VERSION = 5.0;
				TARGETED_DEVICE_FAMILY = "1,2";
			};
			name = Debug;
		};
		92253C4A254CE804004A2FB4 /* Release */ = {
			isa = XCBuildConfiguration;
			buildSettings = {
				ASSETCATALOG_COMPILER_APPICON_NAME = AppIcon;
				CODE_SIGN_STYLE = Automatic;
				DEVELOPMENT_TEAM = NM36QJ4P82;
				INFOPLIST_FILE = CatApp/Info.plist;
				LD_RUNPATH_SEARCH_PATHS = (
					"$(inherited)",
					"@executable_path/Frameworks",
				);
				PRODUCT_BUNDLE_IDENTIFIER = alanpaulino.CatApp;
				PRODUCT_NAME = "$(TARGET_NAME)";
				SWIFT_VERSION = 5.0;
				TARGETED_DEVICE_FAMILY = "1,2";
			};
			name = Release;
		};
		92253C4C254CE804004A2FB4 /* Debug */ = {
			isa = XCBuildConfiguration;
			buildSettings = {
				ALWAYS_EMBED_SWIFT_STANDARD_LIBRARIES = YES;
				BUNDLE_LOADER = "$(TEST_HOST)";
				CODE_SIGN_STYLE = Automatic;
				DEVELOPMENT_TEAM = NM36QJ4P82;
				INFOPLIST_FILE = CatAppTests/Info.plist;
				IPHONEOS_DEPLOYMENT_TARGET = 13.7;
				LD_RUNPATH_SEARCH_PATHS = (
					"$(inherited)",
					"@executable_path/Frameworks",
					"@loader_path/Frameworks",
				);
				PRODUCT_BUNDLE_IDENTIFIER = alanpaulino.CatAppTests;
				PRODUCT_NAME = "$(TARGET_NAME)";
				SWIFT_VERSION = 5.0;
				TARGETED_DEVICE_FAMILY = "1,2";
				TEST_HOST = "$(BUILT_PRODUCTS_DIR)/CatApp.app/CatApp";
			};
			name = Debug;
		};
		92253C4D254CE804004A2FB4 /* Release */ = {
			isa = XCBuildConfiguration;
			buildSettings = {
				ALWAYS_EMBED_SWIFT_STANDARD_LIBRARIES = YES;
				BUNDLE_LOADER = "$(TEST_HOST)";
				CODE_SIGN_STYLE = Automatic;
				DEVELOPMENT_TEAM = NM36QJ4P82;
				INFOPLIST_FILE = CatAppTests/Info.plist;
				IPHONEOS_DEPLOYMENT_TARGET = 13.7;
				LD_RUNPATH_SEARCH_PATHS = (
					"$(inherited)",
					"@executable_path/Frameworks",
					"@loader_path/Frameworks",
				);
				PRODUCT_BUNDLE_IDENTIFIER = alanpaulino.CatAppTests;
				PRODUCT_NAME = "$(TARGET_NAME)";
				SWIFT_VERSION = 5.0;
				TARGETED_DEVICE_FAMILY = "1,2";
				TEST_HOST = "$(BUILT_PRODUCTS_DIR)/CatApp.app/CatApp";
			};
			name = Release;
		};
		92253C4F254CE804004A2FB4 /* Debug */ = {
			isa = XCBuildConfiguration;
			buildSettings = {
				ALWAYS_EMBED_SWIFT_STANDARD_LIBRARIES = YES;
				CODE_SIGN_STYLE = Automatic;
				DEVELOPMENT_TEAM = NM36QJ4P82;
				INFOPLIST_FILE = CatAppUITests/Info.plist;
				LD_RUNPATH_SEARCH_PATHS = (
					"$(inherited)",
					"@executable_path/Frameworks",
					"@loader_path/Frameworks",
				);
				PRODUCT_BUNDLE_IDENTIFIER = alanpaulino.CatAppUITests;
				PRODUCT_NAME = "$(TARGET_NAME)";
				SWIFT_VERSION = 5.0;
				TARGETED_DEVICE_FAMILY = "1,2";
				TEST_TARGET_NAME = CatApp;
			};
			name = Debug;
		};
		92253C50254CE804004A2FB4 /* Release */ = {
			isa = XCBuildConfiguration;
			buildSettings = {
				ALWAYS_EMBED_SWIFT_STANDARD_LIBRARIES = YES;
				CODE_SIGN_STYLE = Automatic;
				DEVELOPMENT_TEAM = NM36QJ4P82;
				INFOPLIST_FILE = CatAppUITests/Info.plist;
				LD_RUNPATH_SEARCH_PATHS = (
					"$(inherited)",
					"@executable_path/Frameworks",
					"@loader_path/Frameworks",
				);
				PRODUCT_BUNDLE_IDENTIFIER = alanpaulino.CatAppUITests;
				PRODUCT_NAME = "$(TARGET_NAME)";
				SWIFT_VERSION = 5.0;
				TARGETED_DEVICE_FAMILY = "1,2";
				TEST_TARGET_NAME = CatApp;
			};
			name = Release;
		};
/* End XCBuildConfiguration section */

/* Begin XCConfigurationList section */
		92253C19254CE800004A2FB4 /* Build configuration list for PBXProject "CatApp" */ = {
			isa = XCConfigurationList;
			buildConfigurations = (
				92253C46254CE804004A2FB4 /* Debug */,
				92253C47254CE804004A2FB4 /* Release */,
			);
			defaultConfigurationIsVisible = 0;
			defaultConfigurationName = Release;
		};
		92253C48254CE804004A2FB4 /* Build configuration list for PBXNativeTarget "CatApp" */ = {
			isa = XCConfigurationList;
			buildConfigurations = (
				92253C49254CE804004A2FB4 /* Debug */,
				92253C4A254CE804004A2FB4 /* Release */,
			);
			defaultConfigurationIsVisible = 0;
			defaultConfigurationName = Release;
		};
		92253C4B254CE804004A2FB4 /* Build configuration list for PBXNativeTarget "CatAppTests" */ = {
			isa = XCConfigurationList;
			buildConfigurations = (
				92253C4C254CE804004A2FB4 /* Debug */,
				92253C4D254CE804004A2FB4 /* Release */,
			);
			defaultConfigurationIsVisible = 0;
			defaultConfigurationName = Release;
		};
		92253C4E254CE804004A2FB4 /* Build configuration list for PBXNativeTarget "CatAppUITests" */ = {
			isa = XCConfigurationList;
			buildConfigurations = (
				92253C4F254CE804004A2FB4 /* Debug */,
				92253C50254CE804004A2FB4 /* Release */,
			);
			defaultConfigurationIsVisible = 0;
			defaultConfigurationName = Release;
		};
/* End XCConfigurationList section */
	};
	rootObject = 92253C16254CE800004A2FB4 /* Project object */;
}
